version = 1
revision = 3
requires-python = ">=3.14"

[[package]]
name = "atlas-py"
version = "0.1.0"
source = { editable = "." }
dependencies = [
    { name = "pymongo" },
    { name = "python-dotenv" },
]

[package.metadata]
requires-dist = [
    { name = "pymongo", specifier = ">=4.18.1" },
    { name = "python-dotenv", specifier = ">=1.2.3" },
]

[[package]]
name = "dnspython"
version = "2.8.0"
source = { registry = "https://pypi.org/simple" }
sdist = { url = "https://files.pythonhosted.org/packages/8c/8b/57666417c0f90f08bcafa776861060426765fdb422eb10212086fb811d26/dnspython-2.8.0.tar.gz", hash = "sha256:181d3c6996452cb1189c4046c61599b84a5a86e099562ffde77d26984ff26d0f", size = 368251, upload-time = "2025-09-07T18:58:00.022Z" }
wheels = [
    { url = "https://files.pythonhosted.org/packages/ba/5a/18ad964b0086c6e62e2e7500f7edc89e3faa45033c71c1893d34eed2b2de/dnspython-2.8.0-py3-none-any.whl", hash = "sha256:01d9bbc4a2d76bf0db7c1f729812ded6d912bd318d3b1cf81d30c0f845dbf3af", size = 331094, upload-time = "2025-09-07T18:57:58.071Z" },
]

[[package]]
name = "pymongo"
version = "4.18.1"
source = { registry = "https://pypi.org/simple" }
dependencies = [
    { name = "dnspython" },
]
sdist = { url = "https://files.pythonhosted.org/packages/77/56/8c52e7f57719051748378fe534fbf916440b1eb8fdb8053c9b43003c9865/pymongo-4.18.1.tar.gz", hash = "sha256:d04134ff4ea0e7d14b6e2ef23dbfe06112a99318c9578b213d2dee9060b23dce", size = 2744931, upload-time = "2026-09-10T14:57:11.817Z" }
wheels = [
    { url = "https://files.pythonhosted.org/packages/e4/ef/869a383a4ac3e615599a35340c9bcf02ecbc9a5059d2227b8f96ba6af38e/pymongo-4.18.1-cp314-cp314-macosx_10_15_x86_64.whl", hash = "sha256:67d56552a940d3553024fdf39535975c4de2ff5b82cf20287ba1ffef028f004b", size = 818559, upload-time = "2026-09-10T14:56:15.241Z" },
    { url = "https://files.pythonhosted.org/packages/d0/30/a1b0870b71efbd49ee0affa61bf8be067acfdc3f91244443a3395edf9c94/pymongo-4.18.1-cp314-cp314-macosx_11_0_arm64.whl", hash = "sha256:ae18db68105a0ba7adc190a13cbd73e6c87593bc55a336719f70ad042aa66aaf", size = 819124, upload-time = "2026-09-10T14:56:16.9Z" },
    { url = "https://files.pythonhosted.org/packages/3f/89/40e08f302e66a3d4da98c7679136f674f736e24c0ac4b306567a0b5cbf0d/pymongo-4.18.1-cp314-cp314-manylinux1_i686.manylinux_2_28_i686.manylinux_2_5_i686.whl", hash = "sha256:4541273796aa3022b39de892e265aac4a437adcc6e4894396c23258d990f8c97", size = 1040989, upload-time = "2026-09-10T14:56:18.508Z" },
    { url = "https://files.pythonhosted.org/packages/59/d0/7bb489c716c64c5e3c77df69d5e38ea67374ec2e75e5af413fed263dcc1f/pymongo-4.18.1-cp314-cp314-manylinux2014_aarch64.manylinux_2_17_aarch64.manylinux_2_28_aarch64.whl", hash = "sha256:0c3f52a1a793262ef1af15b36535220d194b3ad5ce7564f98c15f3881ffbc269", size = 1050963, upload-time = "2026-09-10T14:56:20.259Z" },
    { url = "https://files.pythonhosted.org/packages/53/31/09c78af31758923c0b39aa4ec934cb261446619453c7e263ed8d38d4abf6/pymongo-4.18.1-cp314-cp314-manylinux2014_ppc64le.manylinux_2_17_ppc64le.manylinux_2_28_ppc64le.whl", hash = "sha256:ab33db087dc52f8f28bdb8680682ebc8fc5fb0be84e89a0853a8dc059fcc06a8", size = 1074988, upload-time = "2026-09-10T14:56:22.057Z" },
    { url = "https://files.pythonhosted.org/packages/1f/dc/83956070a4313cc9efa676f45d742240540078a44727fc52e3521a15e8a5/pymongo-4.18.1-cp314-cp314-manylinux2014_s390x.manylinux_2_17_s390x.manylinux_2_28_s390x.whl", hash = "sha256:173a69caa539731284a815ee2fd616442431d12e8c84d970f3cc555d9ac5ef81", size = 1064428, upload-time = "2026-09-10T14:56:23.663Z" },
    { url = "https://files.pythonhosted.org/packages/d6/05/8817d987e5eadd127a4f44d19ce7a31e507c300d6f1511de99bc73f880f5/pymongo-4.18.1-cp314-cp314-manylinux2014_x86_64.manylinux_2_17_x86_64.manylinux_2_28_x86_64.whl", hash = "sha256:8b46ef2de0b077a2c708790e9ced5c8afb5b9deef1cacba28e8d9a90027e86d2", size = 1049218, upload-time = "2026-09-10T14:56:25.288Z" },
    { url = "https://files.pythonhosted.org/packages/c2/24/b3c38caeb743a7055a1cc29afe2edee06206fe2406e90b3e0d4900242df0/pymongo-4.18.1-cp314-cp314-win32.whl", hash = "sha256:d9be9221bf2db1562d490bb67522ce2f7378513bc8bcc157e824a0bb3d87eba0", size = 816052, upload-time = "2026-09-10T14:56:26.935Z" },
    { url = "https://files.pythonhosted.org/packages/02/0e/e1a8406b5361b06043762b7f50a13a3d9c04b2ea8202f39c8cde737a8f13/pymongo-4.18.1-cp314-cp314-win_amd64.whl", hash = "sha256:134a8f787360c3cea18cbbc126bf51cd233f1789db8099f7081ace5b1cff7e22", size = 821969, upload-time = "2026-09-10T14:56:28.571Z" },
    { url = "https://files.pythonhosted.org/packages/ab/ff/82420a828245bb3bf36dcb6a59eebd914fba78dac87985c48145d03a405b/pymongo-4.18.1-cp314-cp314-win_arm64.whl", hash = "sha256:088e78ab7340d7ab4c14cd7a96852f9ea3b51c25fc9fb02244715d21f57ec2e5", size = 816505, upload-time = "2026-09-10T14:56:30.184Z" },
    { url = "https://files.pythonhosted.org/packages/f0/b1/fa1c5cd5ea032ffbce4f4c7876403405405c9cc9de7abba33c78254bd278/pymongo-4.18.1-cp314-cp314t-macosx_10_15_x86_64.whl", hash = "sha256:9bf92d46b15fb8fcfcd517442b0b90055924d835fef77e574ff4678b40be49ce", size = 821533, upload-time = "2026-09-10T14:56:31.96Z" },
    { url = "https://files.pythonhosted.org/packages/9f/cf/41c06f9cce2035bf061248d1576439bc60701852f75118fd2b5a3408abd0/pymongo-4.18.1-cp314-cp314t-macosx_11_0_arm64.whl", hash = "sha256:58c3392585c5823ad90e318b6e7c0fb0709763631fb06d81de45166a1844ea18", size = 821971, upload-time = "2026-09-10T14:56:33.83Z" },
    { url = "https://files.pythonhosted.org/packages/53/3f/c698242cc5013a0d99099db622813c480e23dac7c8bad3852610fb5a5145/pymongo-4.18.1-cp314-cp314t-manylinux1_i686.manylinux_2_28_i686.manylinux_2_5_i686.whl", hash = "sha256:4b8f7b212ab86552db2f35b2779cc290561a341b73fba1ab1030ed9d48e1b1e5", size = 1105379, upload-time = "2026-09-10T14:56:35.497Z" },
    { url = "https://files.pythonhosted.org/packages/37/a8/02fc8305155d46651c0e3980998d3da881db287866be8a5c98d9a0fb67a2/pymongo-4.18.1-cp314-cp314t-manylinux2014_aarch64.manylinux_2_17_aarch64.manylinux_2_28_aarch64.whl", hash = "sha256:b2ef166249993afd94b704bd25af27104fccb259580960a41355f8d7869496ed", size = 1125164, upload-time = "2026-09-10T14:56:37.216Z" },
    { url = "https://files.pythonhosted.org/packages/53/0b/7fcdda4b6e07497ce63d59a932ce193e3da098c309cb18a2d55ed7c99f84/pymongo-4.18.1-cp314-cp314t-manylinux2014_ppc64le.manylinux_2_17_ppc64le.manylinux_2_28_ppc64le.whl", hash = "sha256:adebc03de2d1520bb163953361779288316e4e9c4b66fe4ce9e91d4183e313b8", size = 1144618, upload-time = "2026-09-10T14:56:38.929Z" },
    { url = "https://files.pythonhosted.org/packages/ad/ce/b9213ece00a38f742ca4cd6afb812d73d4cfe857b1018e90f803d72c4b9f/pymongo-4.18.1-cp314-cp314t-manylinux2014_s390x.manylinux_2_17_s390x.manylinux_2_28_s390x.whl", hash = "sha256:a9ae9c28e6c290c2524c3288a0a6e27dca958daeeaba2f36a6a4ee97c44e5f49", size = 1136374, upload-time = "2026-09-10T14:56:40.647Z" },
    { url = "https://files.pythonhosted.org/packages/c4/42/aa057e91930209d731ec3fed03edf32cf6aa59838f7766227ee219142574/pymongo-4.18.1-cp314-cp314t-manylinux2014_x86_64.manylinux_2_17_x86_64.manylinux_2_28_x86_64.whl", hash = "sha256:5907ccdcc2f7925100b4bed8069acd0d93156e5cf013a8e15aa5932819ce3d5e", size = 1117151, upload-time = "2026-09-10T14:56:42.561Z" },
    { url = "https://files.pythonhosted.org/packages/00/a5/86777256266850eb2217d6c8c8f382a213a1773c144383d51f61bbb2e651/pymongo-4.18.1-cp314-cp314t-win32.whl", hash = "sha256:9da74b79e382bb37311b9bd5beb89f1369a1c3e27e7c97bae79661cfdf3893aa", size = 818806, upload-time = "2026-09-10T14:56:47.024Z" },
    { url = "https://files.pythonhosted.org/packages/49/6d/08e9256de9fab497465e7e6589fab4d40ca266dcceb88d3acdd0947095e1/pymongo-4.18.1-cp314-cp314t-win_amd64.whl", hash = "sha256:016d21e7fbf55ac89f419daa48da95314896205d902ed9aa4058f26a436e789c", size = 826141, upload-time = "2026-09-10T14:56:48.886Z" },
    { url = "https://files.pythonhosted.org/packages/cc/f2/12afe9d59fb82b60832356f9fe8f454a99371c0e0a42f0ec7856f5c893fd/pymongo-4.18.1-cp314-cp314t-win_arm64.whl", hash = "sha256:960c61ed86a316d3636b1f184006d3cc2b972b8546186ae8e2c8324e397632ff", size = 817669, upload-time = "2026-09-10T14:56:50.602Z" },
]

[[package]]
name = "python-dotenv"
version = "1.2.3"
source = { registry = "https://pypi.org/simple" }
sdist = { url = "https://files.pythonhosted.org/packages/6a/53/ed9d74092561d4b01a2ef1349d52cdbc135e526c245f366b089cfca6de49/python_dotenv-1.2.3.tar.gz", hash = "sha256:a20a594dabeaa385725aa239d5244871c143ecb356add8a20fcf23773a6c3a35", size = 58945, upload-time = "2026-08-16T16:54:54.067Z" }
wheels = [
    { url = "https://files.pythonhosted.org/packages/0d/17/c5c6b53ddc18f297992099b3d9ec16c855c0ccc83263a21fe4d1c625ec6c/python_dotenv-1.2.3-py3-none-any.whl", hash = "sha256:904552145e8bfed22162c09dab1c2b9b54fefa7b23ba780f4f26ca0316b0f0d9", size = 22780, upload-time = "2026-08-16T16:54:52.473Z" },
]
